
Microsoft Visual Studio Solution File, Format Version 12.00
# Visual Studio Version 17
VisualStudioVersion = 17.8.34316.72
MinimumVisualStudioVersion = 10.0.40219.1
Project("{FAE04EC0-301F-11D3-BF4B-00C04F79EFBC}") = "DAG2324-Ejercicio-3.1", "DAG2324-Ejercicio-3.1.csproj", "{B18DF23D-18F4-46B9-BFBB-47B64CFD788E}"
EndProject
Global
	GlobalSection(SolutionConfigurationPlatforms) = preSolution
		Debug|Any CPU = Debug|Any CPU
		Release|Any CPU = Release|Any CPU
	EndGlobalSection
	GlobalSection(ProjectConfigurationPlatforms) = postSolution
		{B18DF23D-18F4-46B9-BFBB-47B64CFD788E}.Debug|Any CPU.ActiveCfg = Debug|Any CPU
		{B18DF23D-18F4-46B9-BFBB-47B64CFD788E}.Debug|Any CPU.Build.0 = Debug|Any CPU
		{B18DF23D-18F4-46B9-BFBB-47B64CFD788E}.Release|Any CPU.ActiveCfg = Release|Any CPU
		{B18DF23D-18F4-46B9-BFBB-47B64CFD788E}.Release|Any CPU.Build.0 = Release|Any CPU
	EndGlobalSection
	GlobalSection(SolutionProperties) = preSolution
		HideSolutionNode = FALSE
	EndGlobalSection
	GlobalSection(ExtensibilityGlobals) = postSolution
		SolutionGuid = {27C6E31C-B48F-4ABA-A123-660645663BC1}
	EndGlobalSection
EndGlobal
